{
  "name": "foundry",
  "lockfileVersion": 3,
  "requires": true,
  "packages": {
    "": {
      "dependencies": {
        "@foundry-rs/anvil-win32-amd64": "1.7.1",
        "@foundry-rs/cast-win32-amd64": "1.7.1",
        "@foundry-rs/forge-win32-amd64": "1.7.1"
      }
    },
    "node_modules/@foundry-rs/anvil-win32-amd64": {
      "version": "1.7.1",
      "resolved": "https://registry.npmjs.org/@foundry-rs/anvil-win32-amd64/-/anvil-win32-amd64-1.7.1.tgz",
      "integrity": "sha512-IeuBcmQ+AQKUxXA77czSVIfpST+KLBdXaL71JlK/h6e0DoP2CYnmVZn8WE/fuQfjAU2zaWw7PDXmq1kedbIUGA==",
      "cpu": [
        "x64"
      ],
      "license": "MIT OR Apache-2.0",
      "os": [
        "win32"
      ],
      "bin": {
        "anvil": "bin/anvil.exe"
      },
      "engines": {
        "node": ">=20"
      }
    },
    "node_modules/@foundry-rs/cast-win32-amd64": {
      "version": "1.7.1",
      "resolved": "https://registry.npmjs.org/@foundry-rs/cast-win32-amd64/-/cast-win32-amd64-1.7.1.tgz",
      "integrity": "sha512-vWsLwripv+wCMyCI9PMopAmgi0WPlk7U6wcF+pCtcFjQ4/siNAfZhkrfNbcC7J9WoN2kWfQ4hckA6iMvrCGCUQ==",
      "cpu": [
        "x64"
      ],
      "license": "MIT OR Apache-2.0",
      "os": [
        "win32"
      ],
      "bin": {
        "cast": "bin/cast.exe"
      },
      "engines": {
        "node": ">=20"
      }
    },
    "node_modules/@foundry-rs/forge-win32-amd64": {
      "version": "1.7.1",
      "resolved": "https://registry.npmjs.org/@foundry-rs/forge-win32-amd64/-/forge-win32-amd64-1.7.1.tgz",
      "integrity": "sha512-WK+gWWlWYpgrsrKcle4hzV5k5TPoVE8acsnNnmckQhvcbcZBG2VukpkqFCJgOpPX1xuSYtskHTIhJbCx1w854w==",
      "cpu": [
        "x64"
      ],
      "license": "MIT OR Apache-2.0",
      "os": [
        "win32"
      ],
      "bin": {
        "forge": "bin/forge.exe"
      },
      "engines": {
        "node": ">=20"
      }
    }
  }
}
